Microsoft Visual Studio Solution File, Format Version 12.00
# Visual Studio Version 17
VisualStudioVersion = 17.5.2.0
MinimumVisualStudioVersion = 10.0.40219.1
Project("{FAE04EC0-301F-11D3-BF4B-00C04F79EFBC}") = "Generador.FrontEnd", "Generador.FrontEnd.csproj", "{6B88CB4F-776C-8469-7CBB-38C1DB14A658}"
EndProject
Global
	GlobalSection(SolutionConfigurationPlatforms) = preSolution
		Debug|Any CPU = Debug|Any CPU
		Release|Any CPU = Release|Any CPU
	EndGlobalSection
	GlobalSection(ProjectConfigurationPlatforms) = postSolution
		{6B88CB4F-776C-8469-7CBB-38C1DB14A658}.Debug|Any CPU.ActiveCfg = Debug|Any CPU
		{6B88CB4F-776C-8469-7CBB-38C1DB14A658}.Debug|Any CPU.Build.0 = Debug|Any CPU
		{6B88CB4F-776C-8469-7CBB-38C1DB14A658}.Release|Any CPU.ActiveCfg = Release|Any CPU
		{6B88CB4F-776C-8469-7CBB-38C1DB14A658}.Release|Any CPU.Build.0 = Release|Any CPU
	EndGlobalSection
	GlobalSection(SolutionProperties) = preSolution
		HideSolutionNode = FALSE
	EndGlobalSection
	GlobalSection(ExtensibilityGlobals) = postSolution
		SolutionGuid = {81DEAAE9-3B05-4343-9DF0-86F45748D9E0}
	EndGlobalSection
EndGlobal
